
Microsoft Visual Studio Solution File, Format Version 12.00
# Visual Studio 15
VisualStudioVersion = 15.0.27703.2026
MinimumVisualStudioVersion = 10.0.40219.1
Project("{FAE04EC0-301F-11D3-BF4B-00C04F79EFBC}") = "MusicStoreSites.Core", "MusicStoreSites.Core\MusicStoreSites.Core.csproj", "{DC4568B7-F0D4-474B-A6BD-1351878D34BB}"
EndProject
Project("{FAE04EC0-301F-11D3-BF4B-00C04F79EFBC}") = "MusicStoreSites.Model", "MusicStoreSites.Model\MusicStoreSites.Model.csproj", "{8DBF4141-A067-4A4D-A768-F947ACAFBB22}"
EndProject
Project("{FAE04EC0-301F-11D3-BF4B-00C04F79EFBC}") = "MusicStoreSites.DAL", "MusicStoreSites.DAL\MusicStoreSites.DAL.csproj", "{D0CE4C08-F2F0-420E-B40C-3044AA9D6A60}"
EndProject
Project("{FAE04EC0-301F-11D3-BF4B-00C04F79EFBC}") = "MusicStoreSites.BLL", "MusicStoreSites.BLL\MusicStoreSites.BLL.csproj", "{B24F7019-1922-4470-B5E5-85C7E5983366}"
EndProject
Project("{FAE04EC0-301F-11D3-BF4B-00C04F79EFBC}") = "MusicStoreSites.UI.MVC", "MusicStoreSites.UI.MVC\MusicStoreSites.UI.MVC.csproj", "{68C4D135-A982-4B9D-AF1E-0B024B9740A8}"
EndProject
Global
	GlobalSection(SolutionConfigurationPlatforms) = preSolution
		Debug|Any CPU = Debug|Any CPU
		Release|Any CPU = Release|Any CPU
	EndGlobalSection
	GlobalSection(ProjectConfigurationPlatforms) = postSolution
		{DC4568B7-F0D4-474B-A6BD-1351878D34BB}.Debug|Any CPU.ActiveCfg = Debug|Any CPU
		{DC4568B7-F0D4-474B-A6BD-1351878D34BB}.Debug|Any CPU.Build.0 = Debug|Any CPU
		{DC4568B7-F0D4-474B-A6BD-1351878D34BB}.Release|Any CPU.ActiveCfg = Release|Any CPU
		{DC4568B7-F0D4-474B-A6BD-1351878D34BB}.Release|Any CPU.Build.0 = Release|Any CPU
		{8DBF4141-A067-4A4D-A768-F947ACAFBB22}.Debug|Any CPU.ActiveCfg = Debug|Any CPU
		{8DBF4141-A067-4A4D-A768-F947ACAFBB22}.Debug|Any CPU.Build.0 = Debug|Any CPU
		{8DBF4141-A067-4A4D-A768-F947ACAFBB22}.Release|Any CPU.ActiveCfg = Release|Any CPU
		{8DBF4141-A067-4A4D-A768-F947ACAFBB22}.Release|Any CPU.Build.0 = Release|Any CPU
		{D0CE4C08-F2F0-420E-B40C-3044AA9D6A60}.Debug|Any CPU.ActiveCfg = Debug|Any CPU
		{D0CE4C08-F2F0-420E-B40C-3044AA9D6A60}.Debug|Any CPU.Build.0 = Debug|Any CPU
		{D0CE4C08-F2F0-420E-B40C-3044AA9D6A60}.Release|Any CPU.ActiveCfg = Release|Any CPU
		{D0CE4C08-F2F0-420E-B40C-3044AA9D6A60}.Release|Any CPU.Build.0 = Release|Any CPU
		{B24F7019-1922-4470-B5E5-85C7E5983366}.Debug|Any CPU.ActiveCfg = Debug|Any CPU
		{B24F7019-1922-4470-B5E5-85C7E5983366}.Debug|Any CPU.Build.0 = Debug|Any CPU
		{B24F7019-1922-4470-B5E5-85C7E5983366}.Release|Any CPU.ActiveCfg = Release|Any CPU
		{B24F7019-1922-4470-B5E5-85C7E5983366}.Release|Any CPU.Build.0 = Release|Any CPU
		{68C4D135-A982-4B9D-AF1E-0B024B9740A8}.Debug|Any CPU.ActiveCfg = Debug|Any CPU
		{68C4D135-A982-4B9D-AF1E-0B024B9740A8}.Debug|Any CPU.Build.0 = Debug|Any CPU
		{68C4D135-A982-4B9D-AF1E-0B024B9740A8}.Release|Any CPU.ActiveCfg = Release|Any CPU
		{68C4D135-A982-4B9D-AF1E-0B024B9740A8}.Release|Any CPU.Build.0 = Release|Any CPU
	EndGlobalSection
	GlobalSection(SolutionProperties) = preSolution
		HideSolutionNode = FALSE
	EndGlobalSection
	GlobalSection(ExtensibilityGlobals) = postSolution
		SolutionGuid = {24E361B3-169F-4B9A-A03B-EFB697F69218}
	EndGlobalSection
EndGlobal
